
Microsoft Visual Studio Solution File, Format Version 12.00
# Visual Studio Version 17
VisualStudioVersion = 17.1.32414.318
MinimumVisualStudioVersion = 10.0.40219.1
Project("{9A19103F-16F7-4668-BE54-9A1E7A4F7556}") = "DataAccess", "DataAccess\DataAccess.csproj", "{F8BB7985-DDD5-44FF-8B57-4C8DB32B2832}"
EndProject
Project("{9A19103F-16F7-4668-BE54-9A1E7A4F7556}") = "Business", "Business\Business.csproj", "{FB4F12BF-63B4-4C35-BA24-1B4272745169}"
EndProject
Project("{9A19103F-16F7-4668-BE54-9A1E7A4F7556}") = "Entities", "Entities\Entities.csproj", "{12F60786-D835-412C-B048-A85F119664D6}"
EndProject
Project("{9A19103F-16F7-4668-BE54-9A1E7A4F7556}") = "ConsoleUI", "ConsoleUI\ConsoleUI.csproj", "{79482FD0-E912-45DF-97E4-3AC33BC2C9AF}"
EndProject
Project("{9A19103F-16F7-4668-BE54-9A1E7A4F7556}") = "Core", "Core\Core.csproj", "{BE3B47B4-8F41-42B8-AA99-B7872186BBB3}"
EndProject
Project("{FAE04EC0-301F-11D3-BF4B-00C04F79EFBC}") = "WebAPI", "WebAPI\WebAPI.csproj", "{BD3C0890-F6FB-4DB4-934C-630782F27544}"
EndProject
Global
	GlobalSection(SolutionConfigurationPlatforms) = preSolution
		Debug|Any CPU = Debug|Any CPU
		Release|Any CPU = Release|Any CPU
	EndGlobalSection
	GlobalSection(ProjectConfigurationPlatforms) = postSolution
		{F8BB7985-DDD5-44FF-8B57-4C8DB32B2832}.Debug|Any CPU.ActiveCfg = Debug|Any CPU
		{F8BB7985-DDD5-44FF-8B57-4C8DB32B2832}.Debug|Any CPU.Build.0 = Debug|Any CPU
		{F8BB7985-DDD5-44FF-8B57-4C8DB32B2832}.Release|Any CPU.ActiveCfg = Release|Any CPU
		{F8BB7985-DDD5-44FF-8B57-4C8DB32B2832}.Release|Any CPU.Build.0 = Release|Any CPU
		{FB4F12BF-63B4-4C35-BA24-1B4272745169}.Debug|Any CPU.ActiveCfg = Debug|Any CPU
		{FB4F12BF-63B4-4C35-BA24-1B4272745169}.Debug|Any CPU.Build.0 = Debug|Any CPU
		{FB4F12BF-63B4-4C35-BA24-1B4272745169}.Release|Any CPU.ActiveCfg = Release|Any CPU
		{FB4F12BF-63B4-4C35-BA24-1B4272745169}.Release|Any CPU.Build.0 = Release|Any CPU
		{12F60786-D835-412C-B048-A85F119664D6}.Debug|Any CPU.ActiveCfg = Debug|Any CPU
		{12F60786-D835-412C-B048-A85F119664D6}.Debug|Any CPU.Build.0 = Debug|Any CPU
		{12F60786-D835-412C-B048-A85F119664D6}.Release|Any CPU.ActiveCfg = Release|Any CPU
		{12F60786-D835-412C-B048-A85F119664D6}.Release|Any CPU.Build.0 = Release|Any CPU
		{79482FD0-E912-45DF-97E4-3AC33BC2C9AF}.Debug|Any CPU.ActiveCfg = Debug|Any CPU
		{79482FD0-E912-45DF-97E4-3AC33BC2C9AF}.Debug|Any CPU.Build.0 = Debug|Any CPU
		{79482FD0-E912-45DF-97E4-3AC33BC2C9AF}.Release|Any CPU.ActiveCfg = Release|Any CPU
		{79482FD0-E912-45DF-97E4-3AC33BC2C9AF}.Release|Any CPU.Build.0 = Release|Any CPU
		{BE3B47B4-8F41-42B8-AA99-B7872186BBB3}.Debug|Any CPU.ActiveCfg = Debug|Any CPU
		{BE3B47B4-8F41-42B8-AA99-B7872186BBB3}.Debug|Any CPU.Build.0 = Debug|Any CPU
		{BE3B47B4-8F41-42B8-AA99-B7872186BBB3}.Release|Any CPU.ActiveCfg = Release|Any CPU
		{BE3B47B4-8F41-42B8-AA99-B7872186BBB3}.Release|Any CPU.Build.0 = Release|Any CPU
		{BD3C0890-F6FB-4DB4-934C-630782F27544}.Debug|Any CPU.ActiveCfg = Debug|Any CPU
		{BD3C0890-F6FB-4DB4-934C-630782F27544}.Debug|Any CPU.Build.0 = Debug|Any CPU
		{BD3C0890-F6FB-4DB4-934C-630782F27544}.Release|Any CPU.ActiveCfg = Release|Any CPU
		{BD3C0890-F6FB-4DB4-934C-630782F27544}.Release|Any CPU.Build.0 = Release|Any CPU
	EndGlobalSection
	GlobalSection(SolutionProperties) = preSolution
		HideSolutionNode = FALSE
	EndGlobalSection
	GlobalSection(ExtensibilityGlobals) = postSolution
		SolutionGuid = {C303CAE6-F053-430E-B098-3B0D3B8DBF6A}
	EndGlobalSection
EndGlobal
